// !$*UTF8*$!
{
	archiveVersion = 1;
	classes = {
	};
	objectVersion = 50;
	objects = {

/* Begin PBXBuildFile section */
		7B1DDC192547F8BE0019F04C /* AppDelegate.m in Sources */ = {isa = PBXBuildFile; fileRef = 7B1DDC182547F8BE0019F04C /* AppDelegate.m */; };
		7B1DDC1C2547F8BF0019F04C /* SceneDelegate.m in Sources */ = {isa = PBXBuildFile; fileRef = 7B1DDC1B2547F8BF0019F04C /* SceneDelegate.m */; };
		7B1DDC1F2547F8BF0019F04C /* ViewController.m in Sources */ = {isa = PBXBuildFile; fileRef = 7B1DDC1E2547F8BF0019F04C /* ViewController.m */; };
		7B1DDC222547F8BF0019F04C /* Main.storyboard in Resources */ = {isa = PBXBuildFile; fileRef = 7B1DDC202547F8BF0019F04C /* Main.storyboard */; };
		7B1DDC242547F8C10019F04C /* Assets.xcassets in Resources */ = {isa = PBXBuildFile; fileRef = 7B1DDC232547F8C10019F04C /* Assets.xcassets */; };
		7B1DDC272547F8C10019F04C /* LaunchScreen.storyboard in Resources */ = {isa = PBXBuildFile; fileRef = 7B1DDC252547F8C10019F04C /* LaunchScreen.storyboard */; };
		7B1DDC2A2547F8C10019F04C /* main.m in Sources */ = {isa = PBXBuildFile; fileRef = 7B1DDC292547F8C10019F04C /* main.m */; };
		7B1DDC3B2547FCBB0019F04C /* XPFileDownloadManager.m in Sources */ = {isa = PBXBuildFile; fileRef = 7B1DDC342547FCBB0019F04C /* XPFileDownloadManager.m */; };
		7B1DDC3C2547FCBB0019F04C /* XPFileDownloadQueue.m in Sources */ = {isa = PBXBuildFile; fileRef = 7B1DDC352547FCBB0019F04C /* XPFileDownloadQueue.m */; };
		7B1DDC3D2547FCBB0019F04C /* XPFileDownloadModel.m in Sources */ = {isa = PBXBuildFile; fileRef = 7B1DDC362547FCBB0019F04C /* XPFileDownloadModel.m */; };
		7B1DDC422547FD140019F04C /* XPUtility.m in Sources */ = {isa = PBXBuildFile; fileRef = 7B1DDC412547FD140019F04C /* XPUtility.m */; };
		7B1DDC4A2547FF190019F04C /* NSString+Extends.m in Sources */ = {isa = PBXBuildFile; fileRef = 7B1DDC492547FF190019F04C /* NSString+Extends.m */; };
/* End PBXBuildFile section */

/* Begin PBXFileReference section */
		7B1DDC142547F8BE0019F04C /* FileDownload.app */ = {isa = PBXFileReference; explicitFileType = wrapper.application; includeInIndex = 0; path = FileDownload.app; sourceTree = BUILT_PRODUCTS_DIR; };
		7B1DDC172547F8BE0019F04C /* AppDelegate.h */ = {isa = PBXFileReference; lastKnownFileType = sourcecode.c.h; path = AppDelegate.h; sourceTree = "<group>"; };
		7B1DDC182547F8BE0019F04C /* AppDelegate.m */ = {isa = PBXFileReference; lastKnownFileType = sourcecode.c.objc; path = AppDelegate.m; sourceTree = "<group>"; };
		7B1DDC1A2547F8BF0019F04C /* SceneDelegate.h */ = {isa = PBXFileReference; lastKnownFileType = sourcecode.c.h; path = SceneDelegate.h; sourceTree = "<group>"; };
		7B1DDC1B2547F8BF0019F04C /* SceneDelegate.m */ = {isa = PBXFileReference; lastKnownFileType = sourcecode.c.objc; path = SceneDelegate.m; sourceTree = "<group>"; };
		7B1DDC1D2547F8BF0019F04C /* ViewController.h */ = {isa = PBXFileReference; lastKnownFileType = sourcecode.c.h; path = ViewController.h; sourceTree = "<group>"; };
		7B1DDC1E2547F8BF0019F04C /* ViewController.m */ = {isa = PBXFileReference; lastKnownFileType = sourcecode.c.objc; path = ViewController.m; sourceTree = "<group>"; };
		7B1DDC212547F8BF0019F04C /* Base */ = {isa = PBXFileReference; lastKnownFileType = file.storyboard; name = Base; path = Base.lproj/Main.storyboard; sourceTree = "<group>"; };
		7B1DDC232547F8C10019F04C /* Assets.xcassets */ = {isa = PBXFileReference; lastKnownFileType = folder.assetcatalog; path = Assets.xcassets; sourceTree = "<group>"; };
		7B1DDC262547F8C10019F04C /* Base */ = {isa = PBXFileReference; lastKnownFileType = file.storyboard; name = Base; path = Base.lproj/LaunchScreen.storyboard; sourceTree = "<group>"; };
		7B1DDC282547F8C10019F04C /* Info.plist */ = {isa = PBXFileReference; lastKnownFileType = text.plist.xml; path = Info.plist; sourceTree = "<group>"; };
		7B1DDC292547F8C10019F04C /* main.m */ = {isa = PBXFileReference; lastKnownFileType = sourcecode.c.objc; path = main.m; sourceTree = "<group>"; };
		7B1DDC342547FCBB0019F04C /* XPFileDownloadManager.m */ = {isa = PBXFileReference; fileEncoding = 4; lastKnownFileType = sourcecode.c.objc; path = XPFileDownloadManager.m; sourceTree = "<group>"; };
		7B1DDC352547FCBB0019F04C /* XPFileDownloadQueue.m */ = {isa = PBXFileReference; fileEncoding = 4; lastKnownFileType = sourcecode.c.objc; path = XPFileDownloadQueue.m; sourceTree = "<group>"; };
		7B1DDC362547FCBB0019F04C /* XPFileDownloadModel.m */ = {isa = PBXFileReference; fileEncoding = 4; lastKnownFileType = sourcecode.c.objc; path = XPFileDownloadModel.m; sourceTree = "<group>"; };
		7B1DDC372547FCBB0019F04C /* XPFileDownloadQueue.h */ = {isa = PBXFileReference; fileEncoding = 4; lastKnownFileType = sourcecode.c.h; path = XPFileDownloadQueue.h; sourceTree = "<group>"; };
		7B1DDC382547FCBB0019F04C /* XPFileDownloadHeader.h */ = {isa = PBXFileReference; fileEncoding = 4; lastKnownFileType = sourcecode.c.h; path = XPFileDownloadHeader.h; sourceTree = "<group>"; };
		7B1DDC392547FCBB0019F04C /* XPFileDownloadManager.h */ = {isa = PBXFileReference; fileEncoding = 4; lastKnownFileType = sourcecode.c.h; path = XPFileDownloadManager.h; sourceTree = "<group>"; };
		7B1DDC3A2547FCBB0019F04C /* XPFileDownloadModel.h */ = {isa = PBXFileReference; fileEncoding = 4; lastKnownFileType = sourcecode.c.h; path = XPFileDownloadModel.h; sourceTree = "<group>"; };
		7B1DDC402547FD140019F04C /* XPUtility.h */ = {isa = PBXFileReference; lastKnownFileType = sourcecode.c.h; path = XPUtility.h; sourceTree = "<group>"; };
		7B1DDC412547FD140019F04C /* XPUtility.m */ = {isa = PBXFileReference; lastKnownFileType = sourcecode.c.objc; path = XPUtility.m; sourceTree = "<group>"; };
		7B1DDC442547FD300019F04C /* XPGlobalMacro.h */ = {isa = PBXFileReference; lastKnownFileType = sourcecode.c.h; path = XPGlobalMacro.h; sourceTree = "<group>"; };
		7B1DDC462547FE7A0019F04C /* FileDownload-Prefix.pch */ = {isa = PBXFileReference; fileEncoding = 4; lastKnownFileType = sourcecode.c.h; path = "FileDownload-Prefix.pch"; sourceTree = "<group>"; };
		7B1DDC482547FF190019F04C /* NSString+Extends.h */ = {isa = PBXFileReference; lastKnownFileType = sourcecode.c.h; path = "NSString+Extends.h"; sourceTree = "<group>"; };
		7B1DDC492547FF190019F04C /* NSString+Extends.m */ = {isa = PBXFileReference; lastKnownFileType = sourcecode.c.objc; path = "NSString+Extends.m"; sourceTree = "<group>"; };
		7B1DDC50254801490019F04C /* SynthesizeSingleton.h */ = {isa = PBXFileReference; fileEncoding = 4; lastKnownFileType = sourcecode.c.h; path = SynthesizeSingleton.h; sourceTree = "<group>"; };
/* End PBXFileReference section */

/* Begin PBXFrameworksBuildPhase section */
		7B1DDC112547F8BE0019F04C /* Frameworks */ = {
			isa = PBXFrameworksBuildPhase;
			buildActionMask = 2147483647;
			files = (
			);
			runOnlyForDeploymentPostprocessing = 0;
		};
/* End PBXFrameworksBuildPhase section */

/* Begin PBXGroup section */
		7B1DDC0B2547F8BE0019F04C = {
			isa = PBXGroup;
			children = (
				7B1DDC162547F8BE0019F04C /* FileDownload */,
				7B1DDC152547F8BE0019F04C /* Products */,
			);
			sourceTree = "<group>";
		};
		7B1DDC152547F8BE0019F04C /* Products */ = {
			isa = PBXGroup;
			children = (
				7B1DDC142547F8BE0019F04C /* FileDownload.app */,
			);
			name = Products;
			sourceTree = "<group>";
		};
		7B1DDC162547F8BE0019F04C /* FileDownload */ = {
			isa = PBXGroup;
			children = (
				7B1DDC472547FEF90019F04C /* Category */,
				7B1DDC3F2547FD040019F04C /* Base */,
				7B1DDC332547FCBB0019F04C /* Class */,
				7B1DDC172547F8BE0019F04C /* AppDelegate.h */,
				7B1DDC182547F8BE0019F04C /* AppDelegate.m */,
				7B1DDC1A2547F8BF0019F04C /* SceneDelegate.h */,
				7B1DDC1B2547F8BF0019F04C /* SceneDelegate.m */,
				7B1DDC1D2547F8BF0019F04C /* ViewController.h */,
				7B1DDC1E2547F8BF0019F04C /* ViewController.m */,
				7B1DDC202547F8BF0019F04C /* Main.storyboard */,
				7B1DDC232547F8C10019F04C /* Assets.xcassets */,
				7B1DDC252547F8C10019F04C /* LaunchScreen.storyboard */,
				7B1DDC282547F8C10019F04C /* Info.plist */,
				7B1DDC292547F8C10019F04C /* main.m */,
				7B1DDC462547FE7A0019F04C /* FileDownload-Prefix.pch */,
			);
			path = FileDownload;
			sourceTree = "<group>";
		};
		7B1DDC332547FCBB0019F04C /* Class */ = {
			isa = PBXGroup;
			children = (
				7B1DDC382547FCBB0019F04C /* XPFileDownloadHeader.h */,
				7B1DDC392547FCBB0019F04C /* XPFileDownloadManager.h */,
				7B1DDC342547FCBB0019F04C /* XPFileDownloadManager.m */,
				7B1DDC3A2547FCBB0019F04C /* XPFileDownloadModel.h */,
				7B1DDC362547FCBB0019F04C /* XPFileDownloadModel.m */,
				7B1DDC372547FCBB0019F04C /* XPFileDownloadQueue.h */,
				7B1DDC352547FCBB0019F04C /* XPFileDownloadQueue.m */,
			);
			path = Class;
			sourceTree = "<group>";
		};
		7B1DDC3F2547FD040019F04C /* Base */ = {
			isa = PBXGroup;
			children = (
				7B1DDC402547FD140019F04C /* XPUtility.h */,
				7B1DDC412547FD140019F04C /* XPUtility.m */,
				7B1DDC442547FD300019F04C /* XPGlobalMacro.h */,
				7B1DDC50254801490019F04C /* SynthesizeSingleton.h */,
			);
			path = Base;
			sourceTree = "<group>";
		};
		7B1DDC472547FEF90019F04C /* Category */ = {
			isa = PBXGroup;
			children = (
				7B1DDC482547FF190019F04C /* NSString+Extends.h */,
				7B1DDC492547FF190019F04C /* NSString+Extends.m */,
			);
			path = Category;
			sourceTree = "<group>";
		};
/* End PBXGroup section */

/* Begin PBXNativeTarget section */
		7B1DDC132547F8BE0019F04C /* FileDownload */ = {
			isa = PBXNativeTarget;
			buildConfigurationList = 7B1DDC2D2547F8C10019F04C /* Build configuration list for PBXNativeTarget "FileDownload" */;
			buildPhases = (
				7B1DDC102547F8BE0019F04C /* Sources */,
				7B1DDC112547F8BE0019F04C /* Frameworks */,
				7B1DDC122547F8BE0019F04C /* Resources */,
			);
			buildRules = (
			);
			dependencies = (
			);
			name = FileDownload;
			productName = FileDownload;
			productReference = 7B1DDC142547F8BE0019F04C /* FileDownload.app */;
			productType = "com.apple.product-type.application";
		};
/* End PBXNativeTarget section */

/* Begin PBXProject section */
		7B1DDC0C2547F8BE0019F04C /* Project object */ = {
			isa = PBXProject;
			attributes = {
				LastUpgradeCheck = 1210;
				TargetAttributes = {
					7B1DDC132547F8BE0019F04C = {
						CreatedOnToolsVersion = 12.1;
					};
				};
			};
			buildConfigurationList = 7B1DDC0F2547F8BE0019F04C /* Build configuration list for PBXProject "FileDownload" */;
			compatibilityVersion = "Xcode 9.3";
			developmentRegion = en;
			hasScannedForEncodings = 0;
			knownRegions = (
				en,
				Base,
			);
			mainGroup = 7B1DDC0B2547F8BE0019F04C;
			productRefGroup = 7B1DDC152547F8BE0019F04C /* Products */;
			projectDirPath = "";
			projectRoot = "";
			targets = (
				7B1DDC132547F8BE0019F04C /* FileDownload */,
			);
		};
/* End PBXProject section */

/* Begin PBXResourcesBuildPhase section */
		7B1DDC122547F8BE0019F04C /* Resources */ = {
			isa = PBXResourcesBuildPhase;
			buildActionMask = 2147483647;
			files = (
				7B1DDC272547F8C10019F04C /* LaunchScreen.storyboard in Resources */,
				7B1DDC242547F8C10019F04C /* Assets.xcassets in Resources */,
				7B1DDC222547F8BF0019F04C /* Main.storyboard in Resources */,
			);
			runOnlyForDeploymentPostprocessing = 0;
		};
/* End PBXResourcesBuildPhase section */

/* Begin PBXSourcesBuildPhase section */
		7B1DDC102547F8BE0019F04C /* Sources */ = {
			isa = PBXSourcesBuildPhase;
			buildActionMask = 2147483647;
			files = (
				7B1DDC4A2547FF190019F04C /* NSString+Extends.m in Sources */,
				7B1DDC1F2547F8BF0019F04C /* ViewController.m in Sources */,
				7B1DDC192547F8BE0019F04C /* AppDelegate.m in Sources */,
				7B1DDC422547FD140019F04C /* XPUtility.m in Sources */,
				7B1DDC2A2547F8C10019F04C /* main.m in Sources */,
				7B1DDC1C2547F8BF0019F04C /* SceneDelegate.m in Sources */,
				7B1DDC3B2547FCBB0019F04C /* XPFileDownloadManager.m in Sources */,
				7B1DDC3C2547FCBB0019F04C /* XPFileDownloadQueue.m in Sources */,
				7B1DDC3D2547FCBB0019F04C /* XPFileDownloadModel.m in Sources */,
			);
			runOnlyForDeploymentPostprocessing = 0;
		};
/* End PBXSourcesBuildPhase section */

/* Begin PBXVariantGroup section */
		7B1DDC202547F8BF0019F04C /* Main.storyboard */ = {
			isa = PBXVariantGroup;
			children = (
				7B1DDC212547F8BF0019F04C /* Base */,
			);
			name = Main.storyboard;
			sourceTree = "<group>";
		};
		7B1DDC252547F8C10019F04C /* LaunchScreen.storyboard */ = {
			isa = PBXVariantGroup;
			children = (
				7B1DDC262547F8C10019F04C /* Base */,
			);
			name = LaunchScreen.storyboard;
			sourceTree = "<group>";
		};
/* End PBXVariantGroup section */

/* Begin XCBuildConfiguration section */
		7B1DDC2B2547F8C10019F04C /* Debug */ = {
			isa = XCBuildConfiguration;
			buildSettings = {
				ALWAYS_SEARCH_USER_PATHS = NO;
				CLANG_ANALYZER_NONNULL = YES;
				CLANG_ANALYZER_NUMBER_OBJECT_CONVERSION = YES_AGGRESSIVE;
				CLANG_CXX_LANGUAGE_STANDARD = "gnu++14";
				CLANG_CXX_LIBRARY = "libc++";
				CLANG_ENABLE_MODULES = YES;
				CLANG_ENABLE_OBJC_ARC = YES;
				CLANG_ENABLE_OBJC_WEAK = YES;
				CLANG_WARN_BLOCK_CAPTURE_AUTORELEASING = YES;
				CLANG_WARN_BOOL_CONVERSION = YES;
				CLANG_WARN_COMMA = YES;
				CLANG_WARN_CONSTANT_CONVERSION = YES;
				CLANG_WARN_DEPRECATED_OBJC_IMPLEMENTATIONS = YES;
				CLANG_WARN_DIRECT_OBJC_ISA_USAGE = YES_ERROR;
				CLANG_WARN_DOCUMENTATION_COMMENTS = YES;
				CLANG_WARN_EMPTY_BODY = YES;
				CLANG_WARN_ENUM_CONVERSION = YES;
				CLANG_WARN_INFINITE_RECURSION = YES;
				CLANG_WARN_INT_CONVERSION = YES;
				CLANG_WARN_NON_LITERAL_NULL_CONVERSION = YES;
				CLANG_WARN_OBJC_IMPLICIT_RETAIN_SELF = YES;
				CLANG_WARN_OBJC_LITERAL_CONVERSION = YES;
				CLANG_WARN_OBJC_ROOT_CLASS = YES_ERROR;
				CLANG_WARN_QUOTED_INCLUDE_IN_FRAMEWORK_HEADER = YES;
				CLANG_WARN_RANGE_LOOP_ANALYSIS = YES;
				CLANG_WARN_STRICT_PROTOTYPES = YES;
				CLANG_WARN_SUSPICIOUS_MOVE = YES;
				CLANG_WARN_UNGUARDED_AVAILABILITY = YES_AGGRESSIVE;
				CLANG_WARN_UNREACHABLE_CODE = YES;
				CLANG_WARN__DUPLICATE_METHOD_MATCH = YES;
				COPY_PHASE_STRIP = NO;
				DEBUG_INFORMATION_FORMAT = dwarf;
				ENABLE_STRICT_OBJC_MSGSEND = YES;
				ENABLE_TESTABILITY = YES;
				GCC_C_LANGUAGE_STANDARD = gnu11;
				GCC_DYNAMIC_NO_PIC = NO;
				GCC_NO_COMMON_BLOCKS = YES;
				GCC_OPTIMIZATION_LEVEL = 0;
				GCC_PREPROCESSOR_DEFINITIONS = (
					"DEBUG=1",
					"$(inherited)",
				);
				GCC_WARN_64_TO_32_BIT_CONVERSION = YES;
				GCC_WARN_ABOUT_RETURN_TYPE = YES_ERROR;
				GCC_WARN_UNDECLARED_SELECTOR = YES;
				GCC_WARN_UNINITIALIZED_AUTOS = YES_AGGRESSIVE;
				GCC_WARN_UNUSED_FUNCTION = YES;
				GCC_WARN_UNUSED_VARIABLE = YES;
				IPHONEOS_DEPLOYMENT_TARGET = 14.1;
				MTL_ENABLE_DEBUG_INFO = INCLUDE_SOURCE;
				MTL_FAST_MATH = YES;
				ONLY_ACTIVE_ARCH = YES;
				SDKROOT = iphoneos;
			};
			name = Debug;
		};
		7B1DDC2C2547F8C10019F04C /* Release */ = {
			isa = XCBuildConfiguration;
			buildSettings = {
				ALWAYS_SEARCH_USER_PATHS = NO;
				CLANG_ANALYZER_NONNULL = YES;
				CLANG_ANALYZER_NUMBER_OBJECT_CONVERSION = YES_AGGRESSIVE;
				CLANG_CXX_LANGUAGE_STANDARD = "gnu++14";
				CLANG_CXX_LIBRARY = "libc++";
				CLANG_ENABLE_MODULES = YES;
				CLANG_ENABLE_OBJC_ARC = YES;
				CLANG_ENABLE_OBJC_WEAK = YES;
				CLANG_WARN_BLOCK_CAPTURE_AUTORELEASING = YES;
				CLANG_WARN_BOOL_CONVERSION = YES;
				CLANG_WARN_COMMA = YES;
				CLANG_WARN_CONSTANT_CONVERSION = YES;
				CLANG_WARN_DEPRECATED_OBJC_IMPLEMENTATIONS = YES;
				CLANG_WARN_DIRECT_OBJC_ISA_USAGE = YES_ERROR;
				CLANG_WARN_DOCUMENTATION_COMMENTS = YES;
				CLANG_WARN_EMPTY_BODY = YES;
				CLANG_WARN_ENUM_CONVERSION = YES;
				CLANG_WARN_INFINITE_RECURSION = YES;
				CLANG_WARN_INT_CONVERSION = YES;
				CLANG_WARN_NON_LITERAL_NULL_CONVERSION = YES;
				CLANG_WARN_OBJC_IMPLICIT_RETAIN_SELF = YES;
				CLANG_WARN_OBJC_LITERAL_CONVERSION = YES;
				CLANG_WARN_OBJC_ROOT_CLASS = YES_ERROR;
				CLANG_WARN_QUOTED_INCLUDE_IN_FRAMEWORK_HEADER = YES;
				CLANG_WARN_RANGE_LOOP_ANALYSIS = YES;
				CLANG_WARN_STRICT_PROTOTYPES = YES;
				CLANG_WARN_SUSPICIOUS_MOVE = YES;
				CLANG_WARN_UNGUARDED_AVAILABILITY = YES_AGGRESSIVE;
				CLANG_WARN_UNREACHABLE_CODE = YES;
				CLANG_WARN__DUPLICATE_METHOD_MATCH = YES;
				COPY_PHASE_STRIP = NO;
				DEBUG_INFORMATION_FORMAT = "dwarf-with-dsym";
				ENABLE_NS_ASSERTIONS = NO;
				ENABLE_STRICT_OBJC_MSGSEND = YES;
				GCC_C_LANGUAGE_STANDARD = gnu11;
				GCC_NO_COMMON_BLOCKS = YES;
				GCC_WARN_64_TO_32_BIT_CONVERSION = YES;
				GCC_WARN_ABOUT_RETURN_TYPE = YES_ERROR;
				GCC_WARN_UNDECLARED_SELECTOR = YES;
				GCC_WARN_UNINITIALIZED_AUTOS = YES_AGGRESSIVE;
				GCC_WARN_UNUSED_FUNCTION = YES;
				GCC_WARN_UNUSED_VARIABLE = YES;
				IPHONEOS_DEPLOYMENT_TARGET = 14.1;
				MTL_ENABLE_DEBUG_INFO = NO;
				MTL_FAST_MATH = YES;
				SDKROOT = iphoneos;
				VALIDATE_PRODUCT = YES;
			};
			name = Release;
		};
		7B1DDC2E2547F8C10019F04C /* Debug */ = {
			isa = XCBuildConfiguration;
			buildSettings = {
				ASSETCATALOG_COMPILER_APPICON_NAME = AppIcon;
				ASSETCATALOG_COMPILER_GLOBAL_ACCENT_COLOR_NAME = AccentColor;
				CODE_SIGN_IDENTITY = "iPhone Developer";
				CODE_SIGN_STYLE = Manual;
				DEVELOPMENT_TEAM = JDKH36YQ54;
				GCC_PRECOMPILE_PREFIX_HEADER = YES;
				GCC_PREFIX_HEADER = "FileDownload/FileDownload-Prefix.pch";
				INFOPLIST_FILE = FileDownload/Info.plist;
				LD_RUNPATH_SEARCH_PATHS = (
					"$(inherited)",
					"@executable_path/Frameworks",
				);
				PRODUCT_BUNDLE_IDENTIFIER = com.wangfei.FileDownload;
				PRODUCT_NAME = "$(TARGET_NAME)";
				PROVISIONING_PROFILE_SPECIFIER = QixinAllDeveloper;
				TARGETED_DEVICE_FAMILY = "1,2";
			};
			name = Debug;
		};
		7B1DDC2F2547F8C10019F04C /* Release */ = {
			isa = XCBuildConfiguration;
			buildSettings = {
				ASSETCATALOG_COMPILER_APPICON_NAME = AppIcon;
				ASSETCATALOG_COMPILER_GLOBAL_ACCENT_COLOR_NAME = AccentColor;
				CODE_SIGN_IDENTITY = "iPhone Developer";
				CODE_SIGN_STYLE = Manual;
				DEVELOPMENT_TEAM = JDKH36YQ54;
				GCC_PRECOMPILE_PREFIX_HEADER = YES;
				GCC_PREFIX_HEADER = "FileDownload/FileDownload-Prefix.pch";
				INFOPLIST_FILE = FileDownload/Info.plist;
				LD_RUNPATH_SEARCH_PATHS = (
					"$(inherited)",
					"@executable_path/Frameworks",
				);
				PRODUCT_BUNDLE_IDENTIFIER = com.wangfei.FileDownload;
				PRODUCT_NAME = "$(TARGET_NAME)";
				PROVISIONING_PROFILE_SPECIFIER = QixinAllDeveloper;
				TARGETED_DEVICE_FAMILY = "1,2";
			};
			name = Release;
		};
/* End XCBuildConfiguration section */

/* Begin XCConfigurationList section */
		7B1DDC0F2547F8BE0019F04C /* Build configuration list for PBXProject "FileDownload" */ = {
			isa = XCConfigurationList;
			buildConfigurations = (
				7B1DDC2B2547F8C10019F04C /* Debug */,
				7B1DDC2C2547F8C10019F04C /* Release */,
			);
			defaultConfigurationIsVisible = 0;
			defaultConfigurationName = Release;
		};
		7B1DDC2D2547F8C10019F04C /* Build configuration list for PBXNativeTarget "FileDownload" */ = {
			isa = XCConfigurationList;
			buildConfigurations = (
				7B1DDC2E2547F8C10019F04C /* Debug */,
				7B1DDC2F2547F8C10019F04C /* Release */,
			);
			defaultConfigurationIsVisible = 0;
			defaultConfigurationName = Release;
		};
/* End XCConfigurationList section */
	};
	rootObject = 7B1DDC0C2547F8BE0019F04C /* Project object */;
}
